Microsoft Visual Studio Solution File, Format Version 12.00
# Visual Studio Version 17
VisualStudioVersion = 17.11.35222.181
MinimumVisualStudioVersion = 10.0.40219.1
Project("{9A19103F-16F7-4668-BE54-9A1E7A4F7556}") = "CNA.Interop", "src\CNA.Interop\CNA.Interop.csproj", "{2563D15B-2CC0-4EB9-AA08-9595E4C4824E}"
EndProject
Project("{9A19103F-16F7-4668-BE54-9A1E7A4F7556}") = "CNA.Framework", "src\CNA.Framework\CNA.Framework.csproj", "{EEEE2E34-4A71-48E7-A6E2-5B6C3300F3AB}"
EndProject
Project("{9A19103F-16F7-4668-BE54-9A1E7A4F7556}") = "CNA.XnaCompat", "src\CNA.XnaCompat\CNA.XnaCompat.csproj", "{A23CC6AA-6D25-4AAE-9755-425EF2638061}"
EndProject
Project("{9A19103F-16F7-4668-BE54-9A1E7A4F7556}") = "CNA.Framework.Tests", "tests\CNA.Framework.Tests\CNA.Framework.Tests.csproj", "{09A2AD72-C70D-4152-9618-E3D55B8AA507}"
EndProject
Project("{9A19103F-16F7-4668-BE54-9A1E7A4F7556}") = "CNA.XnaCompat.Tests", "tests\CNA.XnaCompat.Tests\CNA.XnaCompat.Tests.csproj", "{8D790F7B-71A8-45F2-8686-75F76C720A56}"
EndProject
Project("{9A19103F-16F7-4668-BE54-9A1E7A4F7556}") = "CNA.Integration.Tests", "tests\CNA.Integration.Tests\CNA.Integration.Tests.csproj", "{3F7E1C42-9B58-4A6D-8E31-2D5C7A90B4E7}"
EndProject
Project("{9A19103F-16F7-4668-BE54-9A1E7A4F7556}") = "CNA.XnaCompat.CompileProbe", "tests\CNA.XnaCompat.CompileProbe\CNA.XnaCompat.CompileProbe.csproj", "{7D1AC3B2-F2A2-4B63-BBEE-543415563386}"
EndProject
Project("{9A19103F-16F7-4668-BE54-9A1E7A4F7556}") = "CNA.OwnershipStress", "tests\CNA.OwnershipStress\CNA.OwnershipStress.csproj", "{D77F31A8-6B55-4A97-96DB-22C101AA6C45}"
EndProject
Project("{9A19103F-16F7-4668-BE54-9A1E7A4F7556}") = "CNA.XnaCompat.GraphicsProbe", "tests\CNA.XnaCompat.GraphicsProbe\CNA.XnaCompat.GraphicsProbe.csproj", "{F09D82F1-CE29-4F04-A226-710572564D66}"
EndProject
Project("{9A19103F-16F7-4668-BE54-9A1E7A4F7556}") = "CNA.XnaCompat.RuntimeProbe", "tests\CNA.XnaCompat.RuntimeProbe\CNA.XnaCompat.RuntimeProbe.csproj", "{4AC391A3-B335-4DD1-B1E8-6083EB7B816E}"
EndProject
Project("{9A19103F-16F7-4668-BE54-9A1E7A4F7556}") = "CNA.ApiCompat", "tools\api-compat\CNA.ApiCompat.csproj", "{B1958768-C321-4751-A5C8-E53C2C58F948}"
EndProject
Project("{9A19103F-16F7-4668-BE54-9A1E7A4F7556}") = "HelloGame", "samples\HelloGame\HelloGame.csproj", "{53B3DD71-8E26-4958-8D7B-E7C286DF1801}"
EndProject
Project("{2150E333-8FDC-42A3-9474-1A3956D46DE8}") = "src", "src", "{29C9B97D-7CEB-4ED1-8ED9-9B0BA7C45CF9}"
EndProject
Project("{2150E333-8FDC-42A3-9474-1A3956D46DE8}") = "tests", "tests", "{0B4A16A4-71B3-4603-BD4F-8B4325ABC15F}"
EndProject
Project("{2150E333-8FDC-42A3-9474-1A3956D46DE8}") = "samples", "samples", "{3464C8FB-D3EA-4D36-A183-5C2BF8EF10B1}"
EndProject
Project("{2150E333-8FDC-42A3-9474-1A3956D46DE8}") = "tools", "tools", "{C69A1311-EA6A-466E-BEF7-FAEBDEB77FA1}"
EndProject
Project("{2150E333-8FDC-42A3-9474-1A3956D46DE8}") = "Solution Items", "Solution Items", "{17BFBD5D-8868-4C1B-B83F-BA8D818F3BA5}"
	ProjectSection(SolutionItems) = preProject
		README.md = README.md
		plan.md = plan.md
		NEXT.md = NEXT.md
		LICENSE = LICENSE
		NOTICE.md = NOTICE.md
		Directory.Build.props = Directory.Build.props
		.editorconfig = .editorconfig
	EndProjectSection
EndProject
Project("{FAE04EC0-301F-11D3-BF4B-00C04F79EFBC}") = "CNA.BehaviorCorpus", "tools\behavior-corpus\CNA.BehaviorCorpus.csproj", "{BA8CAFD1-0FDD-40A2-B89C-C8CCAA038246}"
EndProject
Project("{FAE04EC0-301F-11D3-BF4B-00C04F79EFBC}") = "CNA.AbiVerify", "tools\abi-verify\CNA.AbiVerify.csproj", "{BEF56DF2-84FE-478B-83D6-9A5055DDBF1B}"
EndProject
Project("{FAE04EC0-301F-11D3-BF4B-00C04F79EFBC}") = "CNA.ProfileInventory", "tools\profile-inventory\CNA.ProfileInventory.csproj", "{4831AE21-63A2-43F1-BBDB-FE6FECAFDCB9}"
EndProject
Project("{FAE04EC0-301F-11D3-BF4B-00C04F79EFBC}") = "CNA.EngineBench", "tools\engine-bench\CNA.EngineBench.csproj", "{7C4E9A18-3B62-45D0-9A1E-6F8D2B4C7E51}"
EndProject
Project("{FAE04EC0-301F-11D3-BF4B-00C04F79EFBC}") = "CNA.ContentSurvey", "tools\content-survey\CNA.ContentSurvey.csproj", "{D39D4D84-13CD-4796-B8F2-57D48232B390}"
EndProject
Project("{FAE04EC0-301F-11D3-BF4B-00C04F79EFBC}") = "CNA.XnaCompat.GameCompileProbe", "tests\CNA.XnaCompat.GameCompileProbe\CNA.XnaCompat.GameCompileProbe.csproj", "{0EB3E33B-CAF6-4B43-A11C-520734A62673}"
EndProject
Global
	GlobalSection(SolutionConfigurationPlatforms) = preSolution
		Debug|Any CPU = Debug|Any CPU
		Release|Any CPU = Release|Any CPU
	EndGlobalSection
	GlobalSection(ProjectConfigurationPlatforms) = postSolution
		{2563D15B-2CC0-4EB9-AA08-9595E4C4824E}.Debug|Any CPU.ActiveCfg = Debug|Any CPU
		{2563D15B-2CC0-4EB9-AA08-9595E4C4824E}.Debug|Any CPU.Build.0 = Debug|Any CPU
		{2563D15B-2CC0-4EB9-AA08-9595E4C4824E}.Release|Any CPU.ActiveCfg = Release|Any CPU
		{2563D15B-2CC0-4EB9-AA08-9595E4C4824E}.Release|Any CPU.Build.0 = Release|Any CPU
		{EEEE2E34-4A71-48E7-A6E2-5B6C3300F3AB}.Debug|Any CPU.ActiveCfg = Debug|Any CPU
		{EEEE2E34-4A71-48E7-A6E2-5B6C3300F3AB}.Debug|Any CPU.Build.0 = Debug|Any CPU
		{EEEE2E34-4A71-48E7-A6E2-5B6C3300F3AB}.Release|Any CPU.ActiveCfg = Release|Any CPU
		{EEEE2E34-4A71-48E7-A6E2-5B6C3300F3AB}.Release|Any CPU.Build.0 = Release|Any CPU
		{A23CC6AA-6D25-4AAE-9755-425EF2638061}.Debug|Any CPU.ActiveCfg = Debug|Any CPU
		{A23CC6AA-6D25-4AAE-9755-425EF2638061}.Debug|Any CPU.Build.0 = Debug|Any CPU
		{A23CC6AA-6D25-4AAE-9755-425EF2638061}.Release|Any CPU.ActiveCfg = Release|Any CPU
		{A23CC6AA-6D25-4AAE-9755-425EF2638061}.Release|Any CPU.Build.0 = Release|Any CPU
		{09A2AD72-C70D-4152-9618-E3D55B8AA507}.Debug|Any CPU.ActiveCfg = Debug|Any CPU
		{09A2AD72-C70D-4152-9618-E3D55B8AA507}.Debug|Any CPU.Build.0 = Debug|Any CPU
		{09A2AD72-C70D-4152-9618-E3D55B8AA507}.Release|Any CPU.ActiveCfg = Release|Any CPU
		{09A2AD72-C70D-4152-9618-E3D55B8AA507}.Release|Any CPU.Build.0 = Release|Any CPU
		{8D790F7B-71A8-45F2-8686-75F76C720A56}.Debug|Any CPU.ActiveCfg = Debug|Any CPU
		{8D790F7B-71A8-45F2-8686-75F76C720A56}.Debug|Any CPU.Build.0 = Debug|Any CPU
		{8D790F7B-71A8-45F2-8686-75F76C720A56}.Release|Any CPU.ActiveCfg = Release|Any CPU
		{8D790F7B-71A8-45F2-8686-75F76C720A56}.Release|Any CPU.Build.0 = Release|Any CPU
		{3F7E1C42-9B58-4A6D-8E31-2D5C7A90B4E7}.Debug|Any CPU.ActiveCfg = Debug|Any CPU
		{3F7E1C42-9B58-4A6D-8E31-2D5C7A90B4E7}.Debug|Any CPU.Build.0 = Debug|Any CPU
		{3F7E1C42-9B58-4A6D-8E31-2D5C7A90B4E7}.Release|Any CPU.ActiveCfg = Release|Any CPU
		{3F7E1C42-9B58-4A6D-8E31-2D5C7A90B4E7}.Release|Any CPU.Build.0 = Release|Any CPU
		{7D1AC3B2-F2A2-4B63-BBEE-543415563386}.Debug|Any CPU.ActiveCfg = Debug|Any CPU
		{7D1AC3B2-F2A2-4B63-BBEE-543415563386}.Debug|Any CPU.Build.0 = Debug|Any CPU
		{7D1AC3B2-F2A2-4B63-BBEE-543415563386}.Release|Any CPU.ActiveCfg = Release|Any CPU
		{7D1AC3B2-F2A2-4B63-BBEE-543415563386}.Release|Any CPU.Build.0 = Release|Any CPU
		{D77F31A8-6B55-4A97-96DB-22C101AA6C45}.Debug|Any CPU.ActiveCfg = Debug|Any CPU
		{D77F31A8-6B55-4A97-96DB-22C101AA6C45}.Debug|Any CPU.Build.0 = Debug|Any CPU
		{D77F31A8-6B55-4A97-96DB-22C101AA6C45}.Release|Any CPU.ActiveCfg = Release|Any CPU
		{D77F31A8-6B55-4A97-96DB-22C101AA6C45}.Release|Any CPU.Build.0 = Release|Any CPU
		{F09D82F1-CE29-4F04-A226-710572564D66}.Debug|Any CPU.ActiveCfg = Debug|Any CPU
		{F09D82F1-CE29-4F04-A226-710572564D66}.Debug|Any CPU.Build.0 = Debug|Any CPU
		{F09D82F1-CE29-4F04-A226-710572564D66}.Release|Any CPU.ActiveCfg = Release|Any CPU
		{F09D82F1-CE29-4F04-A226-710572564D66}.Release|Any CPU.Build.0 = Release|Any CPU
		{4AC391A3-B335-4DD1-B1E8-6083EB7B816E}.Debug|Any CPU.ActiveCfg = Debug|Any CPU
		{4AC391A3-B335-4DD1-B1E8-6083EB7B816E}.Debug|Any CPU.Build.0 = Debug|Any CPU
		{4AC391A3-B335-4DD1-B1E8-6083EB7B816E}.Release|Any CPU.ActiveCfg = Release|Any CPU
		{4AC391A3-B335-4DD1-B1E8-6083EB7B816E}.Release|Any CPU.Build.0 = Release|Any CPU
		{B1958768-C321-4751-A5C8-E53C2C58F948}.Debug|Any CPU.ActiveCfg = Debug|Any CPU
		{B1958768-C321-4751-A5C8-E53C2C58F948}.Debug|Any CPU.Build.0 = Debug|Any CPU
		{B1958768-C321-4751-A5C8-E53C2C58F948}.Release|Any CPU.ActiveCfg = Release|Any CPU
		{B1958768-C321-4751-A5C8-E53C2C58F948}.Release|Any CPU.Build.0 = Release|Any CPU
		{53B3DD71-8E26-4958-8D7B-E7C286DF1801}.Debug|Any CPU.ActiveCfg = Debug|Any CPU
		{53B3DD71-8E26-4958-8D7B-E7C286DF1801}.Debug|Any CPU.Build.0 = Debug|Any CPU
		{53B3DD71-8E26-4958-8D7B-E7C286DF1801}.Release|Any CPU.ActiveCfg = Release|Any CPU
		{53B3DD71-8E26-4958-8D7B-E7C286DF1801}.Release|Any CPU.Build.0 = Release|Any CPU
		{BA8CAFD1-0FDD-40A2-B89C-C8CCAA038246}.Debug|Any CPU.ActiveCfg = Debug|Any CPU
		{BA8CAFD1-0FDD-40A2-B89C-C8CCAA038246}.Debug|Any CPU.Build.0 = Debug|Any CPU
		{BA8CAFD1-0FDD-40A2-B89C-C8CCAA038246}.Release|Any CPU.ActiveCfg = Release|Any CPU
		{BA8CAFD1-0FDD-40A2-B89C-C8CCAA038246}.Release|Any CPU.Build.0 = Release|Any CPU
		{BEF56DF2-84FE-478B-83D6-9A5055DDBF1B}.Debug|Any CPU.ActiveCfg = Debug|Any CPU
		{BEF56DF2-84FE-478B-83D6-9A5055DDBF1B}.Debug|Any CPU.Build.0 = Debug|Any CPU
		{BEF56DF2-84FE-478B-83D6-9A5055DDBF1B}.Release|Any CPU.ActiveCfg = Release|Any CPU
		{BEF56DF2-84FE-478B-83D6-9A5055DDBF1B}.Release|Any CPU.Build.0 = Release|Any CPU
		{4831AE21-63A2-43F1-BBDB-FE6FECAFDCB9}.Debug|Any CPU.ActiveCfg = Debug|Any CPU
		{4831AE21-63A2-43F1-BBDB-FE6FECAFDCB9}.Debug|Any CPU.Build.0 = Debug|Any CPU
		{4831AE21-63A2-43F1-BBDB-FE6FECAFDCB9}.Release|Any CPU.ActiveCfg = Release|Any CPU
		{4831AE21-63A2-43F1-BBDB-FE6FECAFDCB9}.Release|Any CPU.Build.0 = Release|Any CPU
		{D39D4D84-13CD-4796-B8F2-57D48232B390}.Debug|Any CPU.ActiveCfg = Debug|Any CPU
		{D39D4D84-13CD-4796-B8F2-57D48232B390}.Debug|Any CPU.Build.0 = Debug|Any CPU
		{D39D4D84-13CD-4796-B8F2-57D48232B390}.Release|Any CPU.ActiveCfg = Release|Any CPU
		{D39D4D84-13CD-4796-B8F2-57D48232B390}.Release|Any CPU.Build.0 = Release|Any CPU
		{0EB3E33B-CAF6-4B43-A11C-520734A62673}.Debug|Any CPU.ActiveCfg = Debug|Any CPU
		{0EB3E33B-CAF6-4B43-A11C-520734A62673}.Debug|Any CPU.Build.0 = Debug|Any CPU
		{0EB3E33B-CAF6-4B43-A11C-520734A62673}.Release|Any CPU.ActiveCfg = Release|Any CPU
		{0EB3E33B-CAF6-4B43-A11C-520734A62673}.Release|Any CPU.Build.0 = Release|Any CPU
	{7C4E9A18-3B62-45D0-9A1E-6F8D2B4C7E51}.Debug|Any CPU.ActiveCfg = Debug|Any CPU
		{7C4E9A18-3B62-45D0-9A1E-6F8D2B4C7E51}.Debug|Any CPU.Build.0 = Debug|Any CPU
		{7C4E9A18-3B62-45D0-9A1E-6F8D2B4C7E51}.Release|Any CPU.ActiveCfg = Release|Any CPU
		{7C4E9A18-3B62-45D0-9A1E-6F8D2B4C7E51}.Release|Any CPU.Build.0 = Release|Any CPU
		{D39D4D84-13CD-4796-B8F2-57D48232B390}.Debug|Any CPU.ActiveCfg = Debug|Any CPU
		{D39D4D84-13CD-4796-B8F2-57D48232B390}.Debug|Any CPU.Build.0 = Debug|Any CPU
		{D39D4D84-13CD-4796-B8F2-57D48232B390}.Release|Any CPU.ActiveCfg = Release|Any CPU
		{D39D4D84-13CD-4796-B8F2-57D48232B390}.Release|Any CPU.Build.0 = Release|Any CPU
		{0EB3E33B-CAF6-4B43-A11C-520734A62673}.Debug|Any CPU.ActiveCfg = Debug|Any CPU
		{0EB3E33B-CAF6-4B43-A11C-520734A62673}.Debug|Any CPU.Build.0 = Debug|Any CPU
		{0EB3E33B-CAF6-4B43-A11C-520734A62673}.Release|Any CPU.ActiveCfg = Release|Any CPU
		{0EB3E33B-CAF6-4B43-A11C-520734A62673}.Release|Any CPU.Build.0 = Release|Any CPU
	EndGlobalSection
	GlobalSection(SolutionProperties) = preSolution
		HideSolutionNode = FALSE
	EndGlobalSection
	GlobalSection(NestedProjects) = preSolution
		{7C4E9A18-3B62-45D0-9A1E-6F8D2B4C7E51} = {C69A1311-EA6A-466E-BEF7-FAEBDEB77FA1}
		{2563D15B-2CC0-4EB9-AA08-9595E4C4824E} = {29C9B97D-7CEB-4ED1-8ED9-9B0BA7C45CF9}
		{EEEE2E34-4A71-48E7-A6E2-5B6C3300F3AB} = {29C9B97D-7CEB-4ED1-8ED9-9B0BA7C45CF9}
		{A23CC6AA-6D25-4AAE-9755-425EF2638061} = {29C9B97D-7CEB-4ED1-8ED9-9B0BA7C45CF9}
		{09A2AD72-C70D-4152-9618-E3D55B8AA507} = {0B4A16A4-71B3-4603-BD4F-8B4325ABC15F}
		{8D790F7B-71A8-45F2-8686-75F76C720A56} = {0B4A16A4-71B3-4603-BD4F-8B4325ABC15F}
		{3F7E1C42-9B58-4A6D-8E31-2D5C7A90B4E7} = {0B4A16A4-71B3-4603-BD4F-8B4325ABC15F}
		{7D1AC3B2-F2A2-4B63-BBEE-543415563386} = {0B4A16A4-71B3-4603-BD4F-8B4325ABC15F}
		{D77F31A8-6B55-4A97-96DB-22C101AA6C45} = {0B4A16A4-71B3-4603-BD4F-8B4325ABC15F}
		{F09D82F1-CE29-4F04-A226-710572564D66} = {0B4A16A4-71B3-4603-BD4F-8B4325ABC15F}
		{4AC391A3-B335-4DD1-B1E8-6083EB7B816E} = {0B4A16A4-71B3-4603-BD4F-8B4325ABC15F}
		{B1958768-C321-4751-A5C8-E53C2C58F948} = {C69A1311-EA6A-466E-BEF7-FAEBDEB77FA1}
		{53B3DD71-8E26-4958-8D7B-E7C286DF1801} = {3464C8FB-D3EA-4D36-A183-5C2BF8EF10B1}
		{BA8CAFD1-0FDD-40A2-B89C-C8CCAA038246} = {C69A1311-EA6A-466E-BEF7-FAEBDEB77FA1}
		{BEF56DF2-84FE-478B-83D6-9A5055DDBF1B} = {C69A1311-EA6A-466E-BEF7-FAEBDEB77FA1}
		{4831AE21-63A2-43F1-BBDB-FE6FECAFDCB9} = {C69A1311-EA6A-466E-BEF7-FAEBDEB77FA1}
		{D39D4D84-13CD-4796-B8F2-57D48232B390} = {C69A1311-EA6A-466E-BEF7-FAEBDEB77FA1}
		{0EB3E33B-CAF6-4B43-A11C-520734A62673} = {0B4A16A4-71B3-4603-BD4F-8B4325ABC15F}
	EndGlobalSection
	GlobalSection(ExtensibilityGlobals) = postSolution
		SolutionGuid = {99B27873-E001-4C1E-B5E4-777769287C5A}
	EndGlobalSection
EndGlobal
